
Microsoft Visual Studio Solution File, Format Version 12.00
# Visual Studio Version 17
VisualStudioVersion = 17.2.32616.157
MinimumVisualStudioVersion = 10.0.40219.1
Project("{FAE04EC0-301F-11D3-BF4B-00C04F79EFBC}") = "WebCalculator", "WebCalculator\WebCalculator.csproj", "{64E0D086-03DA-4701-838C-EEAFCCF59D46}"
EndProject
Project("{FAE04EC0-301F-11D3-BF4B-00C04F79EFBC}") = "CalculatorLogic", "CalculatorLogic\CalculatorLogic.csproj", "{6FB2A416-F9DC-4359-BFB0-2C320B4B6869}"
EndProject
Project("{FAE04EC0-301F-11D3-BF4B-00C04F79EFBC}") = "CalculatorUnitTest", "CalculatorUnitTest\CalculatorUnitTest.csproj", "{B67CDAA0-89CB-4DF6-9A99-C1E4ACFDB7AD}"
EndProject
Global
	GlobalSection(SolutionConfigurationPlatforms) = preSolution
		Debug|Any CPU = Debug|Any CPU
		Release|Any CPU = Release|Any CPU
	EndGlobalSection
	GlobalSection(ProjectConfigurationPlatforms) = postSolution
		{64E0D086-03DA-4701-838C-EEAFCCF59D46}.Debug|Any CPU.ActiveCfg = Debug|Any CPU
		{64E0D086-03DA-4701-838C-EEAFCCF59D46}.Debug|Any CPU.Build.0 = Debug|Any CPU
		{64E0D086-03DA-4701-838C-EEAFCCF59D46}.Release|Any CPU.ActiveCfg = Release|Any CPU
		{64E0D086-03DA-4701-838C-EEAFCCF59D46}.Release|Any CPU.Build.0 = Release|Any CPU
		{6FB2A416-F9DC-4359-BFB0-2C320B4B6869}.Debug|Any CPU.ActiveCfg = Debug|Any CPU
		{6FB2A416-F9DC-4359-BFB0-2C320B4B6869}.Debug|Any CPU.Build.0 = Debug|Any CPU
		{6FB2A416-F9DC-4359-BFB0-2C320B4B6869}.Release|Any CPU.ActiveCfg = Release|Any CPU
		{6FB2A416-F9DC-4359-BFB0-2C320B4B6869}.Release|Any CPU.Build.0 = Release|Any CPU
		{B67CDAA0-89CB-4DF6-9A99-C1E4ACFDB7AD}.Debug|Any CPU.ActiveCfg = Debug|Any CPU
		{B67CDAA0-89CB-4DF6-9A99-C1E4ACFDB7AD}.Debug|Any CPU.Build.0 = Debug|Any CPU
		{B67CDAA0-89CB-4DF6-9A99-C1E4ACFDB7AD}.Release|Any CPU.ActiveCfg = Release|Any CPU
		{B67CDAA0-89CB-4DF6-9A99-C1E4ACFDB7AD}.Release|Any CPU.Build.0 = Release|Any CPU
	EndGlobalSection
	GlobalSection(SolutionProperties) = preSolution
		HideSolutionNode = FALSE
	EndGlobalSection
	GlobalSection(ExtensibilityGlobals) = postSolution
		SolutionGuid = {C4BD0A53-B980-467D-A28A-BEAA76974F25}
	EndGlobalSection
EndGlobal
